PODS:
  - Cache (4.1.2)
  - Hue (3.0.1)
  - Imaginary (3.0.2):
    - Cache (~> 4.0)
  - Lightbox (2.1.2):
    - Hue (~> 3.0)
    - Imaginary (~> 3.0)

DEPENDENCIES:
  - Lightbox (from `../../`)

EXTERNAL SOURCES:
  Lightbox:
    :path: "../../"

SPEC CHECKSUMS:
  Cache: bd0233fc688b5e83a27bcd87807db7e6f23adcc5
  Hue: 93e852fa6211ab35922ad8c293f51c43d6c79eb2
  Imaginary: d675200546110e305d6a26db6267c0622ffe5e6b
  Lightbox: 87b54b23644f0fd3cdde0e7a11f6b52bba055ed2

PODFILE CHECKSUM: 897792ba1ba08ccf7de4baa95fbb2ea20ab017f3

COCOAPODS: 1.1.1
